
Microsoft Visual Studio Solution File, Format Version 12.00
# Visual Studio Version 17
VisualStudioVersion = 17.9.34701.34
MinimumVisualStudioVersion = 10.0.40219.1
Project("{9A19103F-16F7-4668-BE54-9A1E7A4F7556}") = "CustomerService", "CustomerService\CustomerService.csproj", "{AE88B1B9-4EE0-4A00-B9E0-D69330B72C86}"
EndProject
Project("{FAE04EC0-301F-11D3-BF4B-00C04F79EFBC}") = "CustomerServiceTest", "CustomerServiceTest\CustomerServiceTest.csproj", "{683E3E9B-BD9A-4661-BC6D-8827ABEAA922}"
EndProject
Global
	GlobalSection(SolutionConfigurationPlatforms) = preSolution
		Debug|Any CPU = Debug|Any CPU
		Release|Any CPU = Release|Any CPU
	EndGlobalSection
	GlobalSection(ProjectConfigurationPlatforms) = postSolution
		{AE88B1B9-4EE0-4A00-B9E0-D69330B72C86}.Debug|Any CPU.ActiveCfg = Debug|Any CPU
		{AE88B1B9-4EE0-4A00-B9E0-D69330B72C86}.Debug|Any CPU.Build.0 = Debug|Any CPU
		{AE88B1B9-4EE0-4A00-B9E0-D69330B72C86}.Release|Any CPU.ActiveCfg = Release|Any CPU
		{AE88B1B9-4EE0-4A00-B9E0-D69330B72C86}.Release|Any CPU.Build.0 = Release|Any CPU
		{683E3E9B-BD9A-4661-BC6D-8827ABEAA922}.Debug|Any CPU.ActiveCfg = Debug|Any CPU
		{683E3E9B-BD9A-4661-BC6D-8827ABEAA922}.Debug|Any CPU.Build.0 = Debug|Any CPU
		{683E3E9B-BD9A-4661-BC6D-8827ABEAA922}.Release|Any CPU.ActiveCfg = Release|Any CPU
		{683E3E9B-BD9A-4661-BC6D-8827ABEAA922}.Release|Any CPU.Build.0 = Release|Any CPU
	EndGlobalSection
	GlobalSection(SolutionProperties) = preSolution
		HideSolutionNode = FALSE
	EndGlobalSection
	GlobalSection(ExtensibilityGlobals) = postSolution
		SolutionGuid = {0D8CB52B-8BBD-46F8-943A-549328A8903E}
	EndGlobalSection
EndGlobal
